{
  "name": "activity-requests",
  "version": "0.1.0",
  "lockfileVersion": 1,
  "requires": true,
  "dependencies": {
    "vue-analytics": {
      "version": "5.16.2",
      "resolved": "https://registry.npmjs.org/vue-analytics/-/vue-analytics-5.16.2.tgz",
      "integrity": "sha512-5JKGnVF33VHlXFREzht9z3Z11N4IA8vXNnpvYeAf72rEUyAuuU9Q9kX34bULW2CxMrahr8m06IB8+91GX0Ruag=="
    }
  }
}
